
Microsoft Visual Studio Solution File, Format Version 12.00
# Visual Studio 2012
Project("{FAE04EC0-301F-11D3-BF4B-00C04F79EFBC}") = "Voice_Bot", "Voice_Bot\Voice_Bot.csproj", "{39AF906D-5C52-40E7-B6AC-85066EC3312B}"
EndProject
Global
	GlobalSection(SolutionConfigurationPlatforms) = preSolution
		Debug|Any CPU = Debug|Any CPU
		Release|Any CPU = Release|Any CPU
	EndGlobalSection
	GlobalSection(ProjectConfigurationPlatforms) = postSolution
		{39AF906D-5C52-40E7-B6AC-85066EC3312B}.Debug|Any CPU.ActiveCfg = Debug|Any CPU
		{39AF906D-5C52-40E7-B6AC-85066EC3312B}.Debug|Any CPU.Build.0 = Debug|Any CPU
		{39AF906D-5C52-40E7-B6AC-85066EC3312B}.Release|Any CPU.ActiveCfg = Release|Any CPU
		{39AF906D-5C52-40E7-B6AC-85066EC3312B}.Release|Any CPU.Build.0 = Release|Any CPU
	EndGlobalSection
	GlobalSection(SolutionProperties) = preSolution
		HideSolutionNode = FALSE
	EndGlobalSection
EndGlobal
